
Microsoft Visual Studio Solution File, Format Version 12.00
# Visual Studio Version 16
VisualStudioVersion = 16.0.31424.327
MinimumVisualStudioVersion = 10.0.40219.1
Project("{9A19103F-16F7-4668-BE54-9A1E7A4F7556}") = "ArvoreBinario.MongoDB", "ConsoleApp1\ArvoreBinario.MongoDB.csproj", "{0F50F3B5-F21B-4D23-A7C6-2D562A6F1ED1}"
EndProject
Global
	GlobalSection(SolutionConfigurationPlatforms) = preSolution
		Debug|Any CPU = Debug|Any CPU
		Release|Any CPU = Release|Any CPU
	EndGlobalSection
	GlobalSection(ProjectConfigurationPlatforms) = postSolution
		{0F50F3B5-F21B-4D23-A7C6-2D562A6F1ED1}.Debug|Any CPU.ActiveCfg = Debug|Any CPU
		{0F50F3B5-F21B-4D23-A7C6-2D562A6F1ED1}.Debug|Any CPU.Build.0 = Debug|Any CPU
		{0F50F3B5-F21B-4D23-A7C6-2D562A6F1ED1}.Release|Any CPU.ActiveCfg = Release|Any CPU
		{0F50F3B5-F21B-4D23-A7C6-2D562A6F1ED1}.Release|Any CPU.Build.0 = Release|Any CPU
	EndGlobalSection
	GlobalSection(SolutionProperties) = preSolution
		HideSolutionNode = FALSE
	EndGlobalSection
	GlobalSection(ExtensibilityGlobals) = postSolution
		SolutionGuid = {AE3104FE-6877-4E23-BC8A-23AC9FD0D9F8}
	EndGlobalSection
EndGlobal
